
Microsoft Visual Studio Solution File, Format Version 12.00
# Visual Studio Version 17
VisualStudioVersion = 17.0.31903.59
MinimumVisualStudioVersion = 10.0.40219.1
Project("{9A19103F-16F7-4668-BE54-9A1E7A4F7556}") = "Geta.NotFoundHandler", "src\Geta.NotFoundHandler\Geta.NotFoundHandler.csproj", "{00BEC106-B3EE-421B-8ED5-B51EA016FD3D}"
EndProject
Project("{2150E333-8FDC-42A3-9474-1A3956D46DE8}") = "Sandbox", "Sandbox", "{320DF82B-2EF9-4AFA-9A77-FCE2B94F7038}"
EndProject
Project("{2150E333-8FDC-42A3-9474-1A3956D46DE8}") = "Tests", "Tests", "{751ABE30-032D-40A9-B36C-5549905113BD}"
EndProject
Project("{2150E333-8FDC-42A3-9474-1A3956D46DE8}") = "Solution Items", "Solution Items", "{653AFFE2-7C31-4C4E-9D68-6B1DAD1FEFAD}"
	ProjectSection(SolutionItems) = preProject
		.editorconfig = .editorconfig
		CHANGELOG.md = CHANGELOG.md
		LICENSE = LICENSE
		pack.ps1 = pack.ps1
		README.md = README.md
	EndProjectSection
EndProject
Project("{9A19103F-16F7-4668-BE54-9A1E7A4F7556}") = "Geta.NotFoundHandler.Tests", "tests\Geta.NotFoundHandler.Tests\Geta.NotFoundHandler.Tests.csproj", "{80F6A409-357F-4EF2-BAAF-9603180BF1E1}"
EndProject
Project("{9A19103F-16F7-4668-BE54-9A1E7A4F7556}") = "Geta.NotFoundHandler.Admin", "src\Geta.NotFoundHandler.Admin\Geta.NotFoundHandler.Admin.csproj", "{2265ED23-C9E3-4B8D-B9C1-730FE90F0DED}"
EndProject
Project("{9A19103F-16F7-4668-BE54-9A1E7A4F7556}") = "Geta.NotFoundHandler.Optimizely", "src\Geta.NotFoundHandler.Optimizely\Geta.NotFoundHandler.Optimizely.csproj", "{1356CAA1-8364-4147-A068-641A06EEE5FD}"
EndProject
Project("{9A19103F-16F7-4668-BE54-9A1E7A4F7556}") = "Geta.NotFoundHandler.Optimizely.Tests", "tests\Geta.NotFoundHandler.Optimizely.Tests\Geta.NotFoundHandler.Optimizely.Tests.csproj", "{8DD01C7F-3D7A-49B5-A255-AC69F4EA0162}"
EndProject
Project("{9A19103F-16F7-4668-BE54-9A1E7A4F7556}") = "Geta.NotFoundHandler.Optimizely.Commerce", "src\Geta.NotFoundHandler.Optimizely.Commerce\Geta.NotFoundHandler.Optimizely.Commerce.csproj", "{9A4FFC8B-74B3-4300-BFB8-24F7B0AB0DDD}"
EndProject
Project("{FAE04EC0-301F-11D3-BF4B-00C04F79EFBC}") = "Foundation.AppHost", "sandbox\geta-packages-foundation-sandbox\src\Foundation.AppHost\Foundation.AppHost.csproj", "{6B8210B1-743F-4B24-BA25-D4CC414C54EF}"
EndProject
Project("{FAE04EC0-301F-11D3-BF4B-00C04F79EFBC}") = "Geta.NotFoundHandler.Web", "src\Geta.NotFoundHandler.Web\Geta.NotFoundHandler.Web.csproj", "{3BEE6726-C16D-4A49-94E5-99E1AD77F131}"
EndProject
Project("{FAE04EC0-301F-11D3-BF4B-00C04F79EFBC}") = "Foundation", "sandbox\geta-packages-foundation-sandbox\src\Foundation\Foundation.csproj", "{8C1C5713-4B34-41AE-A48F-4DEDA771F752}"
EndProject
Project("{FAE04EC0-301F-11D3-BF4B-00C04F79EFBC}") = "Foundation.AppHost.ServiceDefaults", "sandbox\geta-packages-foundation-sandbox\src\Foundation.AppHost.ServiceDefaults\Foundation.AppHost.ServiceDefaults.csproj", "{8717BC74-02FB-427E-B01D-4CBA13185122}"
EndProject
Global
	GlobalSection(SolutionConfigurationPlatforms) = preSolution
		Debug|Any CPU = Debug|Any CPU
		Release|Any CPU = Release|Any CPU
	EndGlobalSection
	GlobalSection(ProjectConfigurationPlatforms) = postSolution
		{00BEC106-B3EE-421B-8ED5-B51EA016FD3D}.Debug|Any CPU.ActiveCfg = Debug|Any CPU
		{00BEC106-B3EE-421B-8ED5-B51EA016FD3D}.Debug|Any CPU.Build.0 = Debug|Any CPU
		{00BEC106-B3EE-421B-8ED5-B51EA016FD3D}.Release|Any CPU.ActiveCfg = Release|Any CPU
		{00BEC106-B3EE-421B-8ED5-B51EA016FD3D}.Release|Any CPU.Build.0 = Release|Any CPU
		{80F6A409-357F-4EF2-BAAF-9603180BF1E1}.Debug|Any CPU.ActiveCfg = Debug|Any CPU
		{80F6A409-357F-4EF2-BAAF-9603180BF1E1}.Debug|Any CPU.Build.0 = Debug|Any CPU
		{80F6A409-357F-4EF2-BAAF-9603180BF1E1}.Release|Any CPU.ActiveCfg = Release|Any CPU
		{80F6A409-357F-4EF2-BAAF-9603180BF1E1}.Release|Any CPU.Build.0 = Release|Any CPU
		{2265ED23-C9E3-4B8D-B9C1-730FE90F0DED}.Debug|Any CPU.ActiveCfg = Debug|Any CPU
		{2265ED23-C9E3-4B8D-B9C1-730FE90F0DED}.Debug|Any CPU.Build.0 = Debug|Any CPU
		{2265ED23-C9E3-4B8D-B9C1-730FE90F0DED}.Release|Any CPU.ActiveCfg = Release|Any CPU
		{2265ED23-C9E3-4B8D-B9C1-730FE90F0DED}.Release|Any CPU.Build.0 = Release|Any CPU
		{1356CAA1-8364-4147-A068-641A06EEE5FD}.Debug|Any CPU.ActiveCfg = Debug|Any CPU
		{1356CAA1-8364-4147-A068-641A06EEE5FD}.Debug|Any CPU.Build.0 = Debug|Any CPU
		{1356CAA1-8364-4147-A068-641A06EEE5FD}.Release|Any CPU.ActiveCfg = Release|Any CPU
		{1356CAA1-8364-4147-A068-641A06EEE5FD}.Release|Any CPU.Build.0 = Release|Any CPU
		{8DD01C7F-3D7A-49B5-A255-AC69F4EA0162}.Debug|Any CPU.ActiveCfg = Debug|Any CPU
		{8DD01C7F-3D7A-49B5-A255-AC69F4EA0162}.Debug|Any CPU.Build.0 = Debug|Any CPU
		{8DD01C7F-3D7A-49B5-A255-AC69F4EA0162}.Release|Any CPU.ActiveCfg = Release|Any CPU
		{8DD01C7F-3D7A-49B5-A255-AC69F4EA0162}.Release|Any CPU.Build.0 = Release|Any CPU
		{9A4FFC8B-74B3-4300-BFB8-24F7B0AB0DDD}.Debug|Any CPU.ActiveCfg = Debug|Any CPU
		{9A4FFC8B-74B3-4300-BFB8-24F7B0AB0DDD}.Debug|Any CPU.Build.0 = Debug|Any CPU
		{9A4FFC8B-74B3-4300-BFB8-24F7B0AB0DDD}.Release|Any CPU.ActiveCfg = Release|Any CPU
		{9A4FFC8B-74B3-4300-BFB8-24F7B0AB0DDD}.Release|Any CPU.Build.0 = Release|Any CPU
		{6B8210B1-743F-4B24-BA25-D4CC414C54EF}.Debug|Any CPU.ActiveCfg = Debug|Any CPU
		{6B8210B1-743F-4B24-BA25-D4CC414C54EF}.Debug|Any CPU.Build.0 = Debug|Any CPU
		{6B8210B1-743F-4B24-BA25-D4CC414C54EF}.Release|Any CPU.ActiveCfg = Release|Any CPU
		{6B8210B1-743F-4B24-BA25-D4CC414C54EF}.Release|Any CPU.Build.0 = Release|Any CPU
		{3BEE6726-C16D-4A49-94E5-99E1AD77F131}.Debug|Any CPU.ActiveCfg = Debug|Any CPU
		{3BEE6726-C16D-4A49-94E5-99E1AD77F131}.Debug|Any CPU.Build.0 = Debug|Any CPU
		{3BEE6726-C16D-4A49-94E5-99E1AD77F131}.Release|Any CPU.ActiveCfg = Release|Any CPU
		{3BEE6726-C16D-4A49-94E5-99E1AD77F131}.Release|Any CPU.Build.0 = Release|Any CPU
		{8C1C5713-4B34-41AE-A48F-4DEDA771F752}.Debug|Any CPU.ActiveCfg = Debug|Any CPU
		{8C1C5713-4B34-41AE-A48F-4DEDA771F752}.Debug|Any CPU.Build.0 = Debug|Any CPU
		{8C1C5713-4B34-41AE-A48F-4DEDA771F752}.Release|Any CPU.ActiveCfg = Release|Any CPU
		{8C1C5713-4B34-41AE-A48F-4DEDA771F752}.Release|Any CPU.Build.0 = Release|Any CPU
		{8717BC74-02FB-427E-B01D-4CBA13185122}.Debug|Any CPU.ActiveCfg = Debug|Any CPU
		{8717BC74-02FB-427E-B01D-4CBA13185122}.Debug|Any CPU.Build.0 = Debug|Any CPU
		{8717BC74-02FB-427E-B01D-4CBA13185122}.Release|Any CPU.ActiveCfg = Release|Any CPU
		{8717BC74-02FB-427E-B01D-4CBA13185122}.Release|Any CPU.Build.0 = Release|Any CPU
	EndGlobalSection
	GlobalSection(SolutionProperties) = preSolution
		HideSolutionNode = FALSE
	EndGlobalSection
	GlobalSection(NestedProjects) = preSolution
		{80F6A409-357F-4EF2-BAAF-9603180BF1E1} = {751ABE30-032D-40A9-B36C-5549905113BD}
		{8DD01C7F-3D7A-49B5-A255-AC69F4EA0162} = {751ABE30-032D-40A9-B36C-5549905113BD}
		{6B8210B1-743F-4B24-BA25-D4CC414C54EF} = {320DF82B-2EF9-4AFA-9A77-FCE2B94F7038}
		{8C1C5713-4B34-41AE-A48F-4DEDA771F752} = {320DF82B-2EF9-4AFA-9A77-FCE2B94F7038}
		{8717BC74-02FB-427E-B01D-4CBA13185122} = {320DF82B-2EF9-4AFA-9A77-FCE2B94F7038}
	EndGlobalSection
	GlobalSection(ExtensibilityGlobals) = postSolution
		SolutionGuid = {76CC4F02-91DF-4BB8-A977-065BC8CB65C5}
	EndGlobalSection
EndGlobal
